
Microsoft Visual Studio Solution File, Format Version 12.00
# Visual Studio Version 17
VisualStudioVersion = 17.13.35806.99
MinimumVisualStudioVersion = 10.0.40219.1
Project("{FAE04EC0-301F-11D3-BF4B-00C04F79EFBC}") = "S1_TP1_Gestion_Fichiers", "S1_TP1_Gestion_Fichiers\S1_TP1_Gestion_Fichiers.csproj", "{F2E5B8D7-8250-DC45-8E70-FD08A6F198C5}"
EndProject
Project("{FAE04EC0-301F-11D3-BF4B-00C04F79EFBC}") = "S1_TP2_Consommation_Café", "S1_TP2_Consommation_Café\S1_TP2_Consommation_Café.csproj", "{69B494B1-96F6-246D-09CD-8A7A32D11D7B}"
EndProject
Project("{FAE04EC0-301F-11D3-BF4B-00C04F79EFBC}") = "S1_TP5_Gestion_Comptes_Bancaires", "S1_TP5_Gestion_Comptes_Bancaires\S1_TP5_Gestion_Comptes_Bancaires.csproj", "{409DE0AE-94EF-53D6-3010-5118B86D7D8C}"
EndProject
Project("{FAE04EC0-301F-11D3-BF4B-00C04F79EFBC}") = "S2_TP1_Gestion_Employes", "S2_TP1_Gestion_Employes\S2_TP1_Gestion_Employes.csproj", "{6EB1A5FF-B504-320B-E0CE-C0DE63D394C0}"
EndProject
Project("{FAE04EC0-301F-11D3-BF4B-00C04F79EFBC}") = "S2_TP2_Gestion_Biblio", "S2_TP2_Gestion_Biblio\S2_TP2_Gestion_Biblio.csproj", "{FADFEA9E-BA35-4B12-947D-56B01D9D508D}"
EndProject
Project("{FAE04EC0-301F-11D3-BF4B-00C04F79EFBC}") = "TP3_GesrtionRH", "TP3_GesrtionRH\TP3_GesrtionRH.csproj", "{0C8206E6-869E-4C24-8B2D-7609FBA63A01}"
EndProject
Global
	GlobalSection(SolutionConfigurationPlatforms) = preSolution
		Debug|Any CPU = Debug|Any CPU
		Release|Any CPU = Release|Any CPU
	EndGlobalSection
	GlobalSection(ProjectConfigurationPlatforms) = postSolution
		{F2E5B8D7-8250-DC45-8E70-FD08A6F198C5}.Debug|Any CPU.ActiveCfg = Debug|Any CPU
		{F2E5B8D7-8250-DC45-8E70-FD08A6F198C5}.Debug|Any CPU.Build.0 = Debug|Any CPU
		{F2E5B8D7-8250-DC45-8E70-FD08A6F198C5}.Release|Any CPU.ActiveCfg = Release|Any CPU
		{F2E5B8D7-8250-DC45-8E70-FD08A6F198C5}.Release|Any CPU.Build.0 = Release|Any CPU
		{69B494B1-96F6-246D-09CD-8A7A32D11D7B}.Debug|Any CPU.ActiveCfg = Debug|Any CPU
		{69B494B1-96F6-246D-09CD-8A7A32D11D7B}.Debug|Any CPU.Build.0 = Debug|Any CPU
		{69B494B1-96F6-246D-09CD-8A7A32D11D7B}.Release|Any CPU.ActiveCfg = Release|Any CPU
		{69B494B1-96F6-246D-09CD-8A7A32D11D7B}.Release|Any CPU.Build.0 = Release|Any CPU
		{409DE0AE-94EF-53D6-3010-5118B86D7D8C}.Debug|Any CPU.ActiveCfg = Debug|Any CPU
		{409DE0AE-94EF-53D6-3010-5118B86D7D8C}.Debug|Any CPU.Build.0 = Debug|Any CPU
		{409DE0AE-94EF-53D6-3010-5118B86D7D8C}.Release|Any CPU.ActiveCfg = Release|Any CPU
		{409DE0AE-94EF-53D6-3010-5118B86D7D8C}.Release|Any CPU.Build.0 = Release|Any CPU
		{6EB1A5FF-B504-320B-E0CE-C0DE63D394C0}.Debug|Any CPU.ActiveCfg = Debug|Any CPU
		{6EB1A5FF-B504-320B-E0CE-C0DE63D394C0}.Debug|Any CPU.Build.0 = Debug|Any CPU
		{6EB1A5FF-B504-320B-E0CE-C0DE63D394C0}.Release|Any CPU.ActiveCfg = Release|Any CPU
		{6EB1A5FF-B504-320B-E0CE-C0DE63D394C0}.Release|Any CPU.Build.0 = Release|Any CPU
		{FADFEA9E-BA35-4B12-947D-56B01D9D508D}.Debug|Any CPU.ActiveCfg = Debug|Any CPU
		{FADFEA9E-BA35-4B12-947D-56B01D9D508D}.Debug|Any CPU.Build.0 = Debug|Any CPU
		{FADFEA9E-BA35-4B12-947D-56B01D9D508D}.Release|Any CPU.ActiveCfg = Release|Any CPU
		{FADFEA9E-BA35-4B12-947D-56B01D9D508D}.Release|Any CPU.Build.0 = Release|Any CPU
		{0C8206E6-869E-4C24-8B2D-7609FBA63A01}.Debug|Any CPU.ActiveCfg = Debug|Any CPU
		{0C8206E6-869E-4C24-8B2D-7609FBA63A01}.Debug|Any CPU.Build.0 = Debug|Any CPU
		{0C8206E6-869E-4C24-8B2D-7609FBA63A01}.Release|Any CPU.ActiveCfg = Release|Any CPU
		{0C8206E6-869E-4C24-8B2D-7609FBA63A01}.Release|Any CPU.Build.0 = Release|Any CPU
	EndGlobalSection
	GlobalSection(SolutionProperties) = preSolution
		HideSolutionNode = FALSE
	EndGlobalSection
	GlobalSection(ExtensibilityGlobals) = postSolution
		SolutionGuid = {E54AC354-7A55-4728-ADE5-E11422052260}
	EndGlobalSection
EndGlobal
